// !$*UTF8*$!
{
	archiveVersion = 1;
	classes = {
	};
	objectVersion = 46;
	objects = {

/* Begin PBXBuildFile section */
		32871D2AB7434ED65C474906 /* libPods-BBKitchenTests.a in Frameworks */ = {isa = PBXBuildFile; fileRef = 7890981EF1BE988887239D76 /* libPods-BBKitchenTests.a */; };
		C5587064F7820EBAE6BFF843 /* OrderItem.m in Sources */ = {isa = PBXBuildFile; fileRef = C55876835E2E3CBE2E929AA9 /* OrderItem.m */; };
		C5587127EE496E6BD821364B /* PrinterTest.m in Sources */ = {isa = PBXBuildFile; fileRef = C5587ECCCB8953B1BD023146 /* PrinterTest.m */; };
		C55871A7E1B246A0B52BA764 /* NSMutableArray+Stack.m in Sources */ = {isa = PBXBuildFile; fileRef = C5587B62578C114B0C73F2D6 /* NSMutableArray+Stack.m */; };
		C5587382F825DC5C51C06D5B /* FoodItem.m in Sources */ = {isa = PBXBuildFile; fileRef = C5587B0FD241BE83B37E5614 /* FoodItem.m */; };
		C55873D296CC370F71D245B0 /* KitchenTest.m in Sources */ = {isa = PBXBuildFile; fileRef = C5587E0BDAEAFFA43986472A /* KitchenTest.m */; };
		C558747A123E2D36CCB6D7A2 /* FryerFactory.m in Sources */ = {isa = PBXBuildFile; fileRef = C55875D2447C5F1F00293189 /* FryerFactory.m */; };
		C558778740CE057F4D9A277D /* FoodFactory.m in Sources */ = {isa = PBXBuildFile; fileRef = C5587C38849A144818D2B150 /* FoodFactory.m */; };
		C558781D93A6C276938430B4 /* Kitchen.m in Sources */ = {isa = PBXBuildFile; fileRef = C5587EFCE77F397D184551F5 /* Kitchen.m */; };
		C558786099DAC27C8E961921 /* ScheduleRules.m in Sources */ = {isa = PBXBuildFile; fileRef = C5587C027C484E8D05CC7A5B /* ScheduleRules.m */; };
		C558786DB13707438804460B /* ScheduleTest.m in Sources */ = {isa = PBXBuildFile; fileRef = C558776400DBDA88B3E29B2F /* ScheduleTest.m */; };
		C5587892AFEFC068CFF3DEE1 /* Printer.m in Sources */ = {isa = PBXBuildFile; fileRef = C5587A9CAEC906D42C026C50 /* Printer.m */; };
		C55879087DD2D76E0826C749 /* Fryer.m in Sources */ = {isa = PBXBuildFile; fileRef = C5587D01EFD21F9A724EC7E9 /* Fryer.m */; };
		C5587999025793945E020BB6 /* Schedule.m in Sources */ = {isa = PBXBuildFile; fileRef = C558782B6BC0B1CA16816A43 /* Schedule.m */; };
		C55879D39BFE80B6BC1C1901 /* BBKitchenTests.m in Sources */ = {isa = PBXBuildFile; fileRef = C5587C308CC7B3E25FFADC43 /* BBKitchenTests.m */; };
		C5587A24FC7FE4D7659BD59E /* Parser.m in Sources */ = {isa = PBXBuildFile; fileRef = C55875415F818AADC5092B72 /* Parser.m */; };
		C5587A77AC6267E5145F7963 /* sample_input.txt in Resources */ = {isa = PBXBuildFile; fileRef = C5587CE2F5C1EE4C9FABD6A6 /* sample_input.txt */; };
		C5587A9E0F0EAD7F9A35A31E /* Order.m in Sources */ = {isa = PBXBuildFile; fileRef = C55873C0059A43A1D31CCE86 /* Order.m */; };
		C5587BF566E62C50775ACDFD /* ParserTest.m in Sources */ = {isa = PBXBuildFile; fileRef = C5587BC44C2EA6C6F28BC584 /* ParserTest.m */; };
		C5587C121F27782485115A79 /* ScheduleItem.m in Sources */ = {isa = PBXBuildFile; fileRef = C5587E49760759E7B471D91B /* ScheduleItem.m */; };
		C5587C3CB03D82D7C07D1718 /* FoodFactoryTest.m in Sources */ = {isa = PBXBuildFile; fileRef = C55875FEC7338E1F57698A1F /* FoodFactoryTest.m */; };
		C5587D22A485FF72F555D66C /* Scheduler.m in Sources */ = {isa = PBXBuildFile; fileRef = C5587A7528B238B3B3899184 /* Scheduler.m */; };
		C5587EAAB930705C6798BE0C /* DateUtil.m in Sources */ = {isa = PBXBuildFile; fileRef = C5587E47839E48055C093537 /* DateUtil.m */; };
		C5587FB8E64817E1381EBDA1 /* BBMain.m in Sources */ = {isa = PBXBuildFile; fileRef = C5587D39AE791F412AC347A3 /* BBMain.m */; };
		E97C97D71D3579A9008DC7B1 /* main.m in Sources */ = {isa = PBXBuildFile; fileRef = E97C97D61D3579A9008DC7B1 /* main.m */; };
		E97C97DA1D3579A9008DC7B1 /* AppDelegate.m in Sources */ = {isa = PBXBuildFile; fileRef = E97C97D91D3579A9008DC7B1 /* AppDelegate.m */; };
		E97C97DD1D3579A9008DC7B1 /* ViewController.m in Sources */ = {isa = PBXBuildFile; fileRef = E97C97DC1D3579A9008DC7B1 /* ViewController.m */; };
		E97C97E01D3579A9008DC7B1 /* Main.storyboard in Resources */ = {isa = PBXBuildFile; fileRef = E97C97DE1D3579A9008DC7B1 /* Main.storyboard */; };
		E97C97E21D3579A9008DC7B1 /* Assets.xcassets in Resources */ = {isa = PBXBuildFile; fileRef = E97C97E11D3579A9008DC7B1 /* Assets.xcassets */; };
		E97C97E51D3579A9008DC7B1 /* LaunchScreen.storyboard in Resources */ = {isa = PBXBuildFile; fileRef = E97C97E31D3579A9008DC7B1 /* LaunchScreen.storyboard */; };
/* End PBXBuildFile section */

/* Begin PBXContainerItemProxy section */
		E97C97EC1D3579A9008DC7B1 /* PBXContainerItemProxy */ = {
			isa = PBXContainerItemProxy;
			containerPortal = E97C97CA1D3579A9008DC7B1 /* Project object */;
			proxyType = 1;
			remoteGlobalIDString = E97C97D11D3579A9008DC7B1;
			remoteInfo = BBKitchen;
		};
/* End PBXContainerItemProxy section */

/* Begin PBXFileReference section */
		20991697489B680FA503BF13 /* Pods-BBKitchenTests.release.xcconfig */ = {isa = PBXFileReference; includeInIndex = 1; lastKnownFileType = text.xcconfig; name = "Pods-BBKitchenTests.release.xcconfig"; path = "Pods/Target Support Files/Pods-BBKitchenTests/Pods-BBKitchenTests.release.xcconfig"; sourceTree = "<group>"; };
		3188EAC9E1CC4200E025D026 /* Pods-BBKitchenTests.debug.xcconfig */ = {isa = PBXFileReference; includeInIndex = 1; lastKnownFileType = text.xcconfig; name = "Pods-BBKitchenTests.debug.xcconfig"; path = "Pods/Target Support Files/Pods-BBKitchenTests/Pods-BBKitchenTests.debug.xcconfig"; sourceTree = "<group>"; };
		7890981EF1BE988887239D76 /* libPods-BBKitchenTests.a */ = {isa = PBXFileReference; explicitFileType = archive.ar; includeInIndex = 0; path = "libPods-BBKitchenTests.a"; sourceTree = BUILT_PRODUCTS_DIR; };
		C55871827CA48826FEE03989 /* Schedule.h */ = {isa = PBXFileReference; fileEncoding = 4; lastKnownFileType = sourcecode.c.h; path = Schedule.h; sourceTree = "<group>"; };
		C55873C0059A43A1D31CCE86 /* Order.m */ = {isa = PBXFileReference; fileEncoding = 4; lastKnownFileType = sourcecode.c.objc; path = Order.m; sourceTree = "<group>"; };
		C55873D8F15132C35C36294A /* DateUtil.h */ = {isa = PBXFileReference; fileEncoding = 4; lastKnownFileType = sourcecode.c.h; path = DateUtil.h; sourceTree = "<group>"; };
		C55874E67F8108AC7A7D2739 /* Kitchen.h */ = {isa = PBXFileReference; fileEncoding = 4; lastKnownFileType = sourcecode.c.h; path = Kitchen.h; sourceTree = "<group>"; };
		C55875415F818AADC5092B72 /* Parser.m */ = {isa = PBXFileReference; fileEncoding = 4; lastKnownFileType = sourcecode.c.objc; path = Parser.m; sourceTree = "<group>"; };
		C55875D2447C5F1F00293189 /* FryerFactory.m */ = {isa = PBXFileReference; fileEncoding = 4; lastKnownFileType = sourcecode.c.objc; path = FryerFactory.m; sourceTree = "<group>"; };
		C55875FEC7338E1F57698A1F /* FoodFactoryTest.m */ = {isa = PBXFileReference; fileEncoding = 4; lastKnownFileType = sourcecode.c.objc; path = FoodFactoryTest.m; sourceTree = "<group>"; };
		C55876835E2E3CBE2E929AA9 /* OrderItem.m */ = {isa = PBXFileReference; fileEncoding = 4; lastKnownFileType = sourcecode.c.objc; path = OrderItem.m; sourceTree = "<group>"; };
		C558776400DBDA88B3E29B2F /* ScheduleTest.m */ = {isa = PBXFileReference; fileEncoding = 4; lastKnownFileType = sourcecode.c.objc; path = ScheduleTest.m; sourceTree = "<group>"; };
		C55877D0C8C370B3718CFC20 /* NSMutableArray+Stack.h */ = {isa = PBXFileReference; fileEncoding = 4; lastKnownFileType = sourcecode.c.h; path = "NSMutableArray+Stack.h"; sourceTree = "<group>"; };
		C558782B6BC0B1CA16816A43 /* Schedule.m */ = {isa = PBXFileReference; fileEncoding = 4; lastKnownFileType = sourcecode.c.objc; path = Schedule.m; sourceTree = "<group>"; };
		C558792AAE0D1AE59A367A63 /* Order.h */ = {isa = PBXFileReference; fileEncoding = 4; lastKnownFileType = sourcecode.c.h; path = Order.h; sourceTree = "<group>"; };
		C5587A7528B238B3B3899184 /* Scheduler.m */ = {isa = PBXFileReference; fileEncoding = 4; lastKnownFileType = sourcecode.c.objc; path = Scheduler.m; sourceTree = "<group>"; };
		C5587A9CAEC906D42C026C50 /* Printer.m */ = {isa = PBXFileReference; fileEncoding = 4; lastKnownFileType = sourcecode.c.objc; path = Printer.m; sourceTree = "<group>"; };
		C5587AD1135B5866B5F4A6A7 /* Parser.h */ = {isa = PBXFileReference; fileEncoding = 4; lastKnownFileType = sourcecode.c.h; path = Parser.h; sourceTree = "<group>"; };
		C5587AF9F3D3BD770E2C0886 /* Fryer.h */ = {isa = PBXFileReference; fileEncoding = 4; lastKnownFileType = sourcecode.c.h; path = Fryer.h; sourceTree = "<group>"; };
		C5587B0FD241BE83B37E5614 /* FoodItem.m */ = {isa = PBXFileReference; fileEncoding = 4; lastKnownFileType = sourcecode.c.objc; path = FoodItem.m; sourceTree = "<group>"; };
		C5587B62578C114B0C73F2D6 /* NSMutableArray+Stack.m */ = {isa = PBXFileReference; fileEncoding = 4; lastKnownFileType = sourcecode.c.objc; path = "NSMutableArray+Stack.m"; sourceTree = "<group>"; };
		C5587BB89E9ABB9265BD1F81 /* FoodItem.h */ = {isa = PBXFileReference; fileEncoding = 4; lastKnownFileType = sourcecode.c.h; path = FoodItem.h; sourceTree = "<group>"; };
		C5587BC44C2EA6C6F28BC584 /* ParserTest.m */ = {isa = PBXFileReference; fileEncoding = 4; lastKnownFileType = sourcecode.c.objc; path = ParserTest.m; sourceTree = "<group>"; };
		C5587BCFB46192BADAA2A179 /* OrderItem.h */ = {isa = PBXFileReference; fileEncoding = 4; lastKnownFileType = sourcecode.c.h; path = OrderItem.h; sourceTree = "<group>"; };
		C5587C027C484E8D05CC7A5B /* ScheduleRules.m */ = {isa = PBXFileReference; fileEncoding = 4; lastKnownFileType = sourcecode.c.objc; path = ScheduleRules.m; sourceTree = "<group>"; };
		C5587C308CC7B3E25FFADC43 /* BBKitchenTests.m */ = {isa = PBXFileReference; fileEncoding = 4; lastKnownFileType = sourcecode.c.objc; path = BBKitchenTests.m; sourceTree = "<group>"; };
		C5587C38849A144818D2B150 /* FoodFactory.m */ = {isa = PBXFileReference; fileEncoding = 4; lastKnownFileType = sourcecode.c.objc; path = FoodFactory.m; sourceTree = "<group>"; };
		C5587C7CB8CD3E7E48D8FA34 /* FryerFactory.h */ = {isa = PBXFileReference; fileEncoding = 4; lastKnownFileType = sourcecode.c.h; path = FryerFactory.h; sourceTree = "<group>"; };
		C5587C82293C87E5400ADF99 /* ScheduleItem.h */ = {isa = PBXFileReference; fileEncoding = 4; lastKnownFileType = sourcecode.c.h; path = ScheduleItem.h; sourceTree = "<group>"; };
		C5587CE2F5C1EE4C9FABD6A6 /* sample_input.txt */ = {isa = PBXFileReference; fileEncoding = 4; lastKnownFileType = text; path = sample_input.txt; sourceTree = "<group>"; };
		C5587CF4E892C736598EDA60 /* Printer.h */ = {isa = PBXFileReference; fileEncoding = 4; lastKnownFileType = sourcecode.c.h; path = Printer.h; sourceTree = "<group>"; };
		C5587D01EFD21F9A724EC7E9 /* Fryer.m */ = {isa = PBXFileReference; fileEncoding = 4; lastKnownFileType = sourcecode.c.objc; path = Fryer.m; sourceTree = "<group>"; };
		C5587D39AE791F412AC347A3 /* BBMain.m */ = {isa = PBXFileReference; fileEncoding = 4; lastKnownFileType = sourcecode.c.objc; path = BBMain.m; sourceTree = "<group>"; };
		C5587E0A6F807388FA71E34A /* FoodFactory.h */ = {isa = PBXFileReference; fileEncoding = 4; lastKnownFileType = sourcecode.c.h; path = FoodFactory.h; sourceTree = "<group>"; };
		C5587E0BDAEAFFA43986472A /* KitchenTest.m */ = {isa = PBXFileReference; fileEncoding = 4; lastKnownFileType = sourcecode.c.objc; path = KitchenTest.m; sourceTree = "<group>"; };
		C5587E47839E48055C093537 /* DateUtil.m */ = {isa = PBXFileReference; fileEncoding = 4; lastKnownFileType = sourcecode.c.objc; path = DateUtil.m; sourceTree = "<group>"; };
		C5587E49760759E7B471D91B /* ScheduleItem.m */ = {isa = PBXFileReference; fileEncoding = 4; lastKnownFileType = sourcecode.c.objc; path = ScheduleItem.m; sourceTree = "<group>"; };
		C5587ECCCB8953B1BD023146 /* PrinterTest.m */ = {isa = PBXFileReference; fileEncoding = 4; lastKnownFileType = sourcecode.c.objc; path = PrinterTest.m; sourceTree = "<group>"; };
		C5587EDC6E4E5BBE3C4A3617 /* BBMain.h */ = {isa = PBXFileReference; fileEncoding = 4; lastKnownFileType = sourcecode.c.h; path = BBMain.h; sourceTree = "<group>"; };
		C5587EE9CE75BFCA1E40DC44 /* Scheduler.h */ = {isa = PBXFileReference; fileEncoding = 4; lastKnownFileType = sourcecode.c.h; path = Scheduler.h; sourceTree = "<group>"; };
		C5587EFCE77F397D184551F5 /* Kitchen.m */ = {isa = PBXFileReference; fileEncoding = 4; lastKnownFileType = sourcecode.c.objc; path = Kitchen.m; sourceTree = "<group>"; };
		C5587F3DA9DF90505FFB8EC1 /* ScheduleRules.h */ = {isa = PBXFileReference; fileEncoding = 4; lastKnownFileType = sourcecode.c.h; path = ScheduleRules.h; sourceTree = "<group>"; };
		E97C97D21D3579A9008DC7B1 /* BBKitchen.app */ = {isa = PBXFileReference; explicitFileType = wrapper.application; includeInIndex = 0; path = BBKitchen.app; sourceTree = BUILT_PRODUCTS_DIR; };
		E97C97D61D3579A9008DC7B1 /* main.m */ = {isa = PBXFileReference; lastKnownFileType = sourcecode.c.objc; path = main.m; sourceTree = "<group>"; };
		E97C97D81D3579A9008DC7B1 /* AppDelegate.h */ = {isa = PBXFileReference; lastKnownFileType = sourcecode.c.h; path = AppDelegate.h; sourceTree = "<group>"; };
		E97C97D91D3579A9008DC7B1 /* AppDelegate.m */ = {isa = PBXFileReference; lastKnownFileType = sourcecode.c.objc; path = AppDelegate.m; sourceTree = "<group>"; };
		E97C97DB1D3579A9008DC7B1 /* ViewController.h */ = {isa = PBXFileReference; lastKnownFileType = sourcecode.c.h; path = ViewController.h; sourceTree = "<group>"; };
		E97C97DC1D3579A9008DC7B1 /* ViewController.m */ = {isa = PBXFileReference; lastKnownFileType = sourcecode.c.objc; path = ViewController.m; sourceTree = "<group>"; };
		E97C97DF1D3579A9008DC7B1 /* Base */ = {isa = PBXFileReference; lastKnownFileType = file.storyboard; name = Base; path = Base.lproj/Main.storyboard; sourceTree = "<group>"; };
		E97C97E11D3579A9008DC7B1 /* Assets.xcassets */ = {isa = PBXFileReference; lastKnownFileType = folder.assetcatalog; path = Assets.xcassets; sourceTree = "<group>"; };
		E97C97E41D3579A9008DC7B1 /* Base */ = {isa = PBXFileReference; lastKnownFileType = file.storyboard; name = Base; path = Base.lproj/LaunchScreen.storyboard; sourceTree = "<group>"; };
		E97C97E61D3579A9008DC7B1 /* Info.plist */ = {isa = PBXFileReference; lastKnownFileType = text.plist.xml; path = Info.plist; sourceTree = "<group>"; };
		E97C97EB1D3579A9008DC7B1 /* BBKitchenTests.xctest */ = {isa = PBXFileReference; explicitFileType = wrapper.cfbundle; includeInIndex = 0; path = BBKitchenTests.xctest; sourceTree = BUILT_PRODUCTS_DIR; };
		E97C97F11D3579A9008DC7B1 /* Info.plist */ = {isa = PBXFileReference; lastKnownFileType = text.plist.xml; path = Info.plist; sourceTree = "<group>"; };
/* End PBXFileReference section */

/* Begin PBXFrameworksBuildPhase section */
		E97C97CF1D3579A9008DC7B1 /* Frameworks */ = {
			isa = PBXFrameworksBuildPhase;
			buildActionMask = 2147483647;
			files = (
			);
			runOnlyForDeploymentPostprocessing = 0;
		};
		E97C97E81D3579A9008DC7B1 /* Frameworks */ = {
			isa = PBXFrameworksBuildPhase;
			buildActionMask = 2147483647;
			files = (
				32871D2AB7434ED65C474906 /* libPods-BBKitchenTests.a in Frameworks */,
			);
			runOnlyForDeploymentPostprocessing = 0;
		};
/* End PBXFrameworksBuildPhase section */

/* Begin PBXGroup section */
		65716CFB40880F977B1C94D5 /* Frameworks */ = {
			isa = PBXGroup;
			children = (
				7890981EF1BE988887239D76 /* libPods-BBKitchenTests.a */,
			);
			name = Frameworks;
			sourceTree = "<group>";
		};
		C55872DA25F80CFED03E533A /* Model */ = {
			isa = PBXGroup;
			children = (
				C5587AF9F3D3BD770E2C0886 /* Fryer.h */,
				C5587D01EFD21F9A724EC7E9 /* Fryer.m */,
				C558792AAE0D1AE59A367A63 /* Order.h */,
				C55873C0059A43A1D31CCE86 /* Order.m */,
				C55874E67F8108AC7A7D2739 /* Kitchen.h */,
				C5587EFCE77F397D184551F5 /* Kitchen.m */,
				C5587BB89E9ABB9265BD1F81 /* FoodItem.h */,
				C5587B0FD241BE83B37E5614 /* FoodItem.m */,
				C55871827CA48826FEE03989 /* Schedule.h */,
				C558782B6BC0B1CA16816A43 /* Schedule.m */,
				C5587BCFB46192BADAA2A179 /* OrderItem.h */,
				C55876835E2E3CBE2E929AA9 /* OrderItem.m */,
				C5587EE9CE75BFCA1E40DC44 /* Scheduler.h */,
				C5587A7528B238B3B3899184 /* Scheduler.m */,
				C5587C82293C87E5400ADF99 /* ScheduleItem.h */,
				C5587E49760759E7B471D91B /* ScheduleItem.m */,
				C5587F3DA9DF90505FFB8EC1 /* ScheduleRules.h */,
				C5587C027C484E8D05CC7A5B /* ScheduleRules.m */,
			);
			path = Model;
			sourceTree = "<group>";
		};
		C5587397205E0DC4200DB6E9 /* Factory */ = {
			isa = PBXGroup;
			children = (
				C55875D2447C5F1F00293189 /* FryerFactory.m */,
				C5587C7CB8CD3E7E48D8FA34 /* FryerFactory.h */,
				C5587C38849A144818D2B150 /* FoodFactory.m */,
				C5587E0A6F807388FA71E34A /* FoodFactory.h */,
			);
			path = Factory;
			sourceTree = "<group>";
		};
		C55876D49093B2F22A8BC219 /* code */ = {
			isa = PBXGroup;
			children = (
				C5587E0BDAEAFFA43986472A /* KitchenTest.m */,
				C5587ECCCB8953B1BD023146 /* PrinterTest.m */,
				C55875FEC7338E1F57698A1F /* FoodFactoryTest.m */,
				C5587C308CC7B3E25FFADC43 /* BBKitchenTests.m */,
				C5587BC44C2EA6C6F28BC584 /* ParserTest.m */,
				C558776400DBDA88B3E29B2F /* ScheduleTest.m */,
			);
			path = code;
			sourceTree = "<group>";
		};
		C55877FD5AD57EE0B5269BB7 /* resources */ = {
			isa = PBXGroup;
			children = (
				C5587CE2F5C1EE4C9FABD6A6 /* sample_input.txt */,
			);
			path = resources;
			sourceTree = "<group>";
		};
		C5587B2E8A4883F9A51C5C80 /* IO */ = {
			isa = PBXGroup;
			children = (
				C5587AD1135B5866B5F4A6A7 /* Parser.h */,
				C55875415F818AADC5092B72 /* Parser.m */,
				C5587CF4E892C736598EDA60 /* Printer.h */,
				C5587A9CAEC906D42C026C50 /* Printer.m */,
			);
			path = IO;
			sourceTree = "<group>";
		};
		C5587B94010B64D4BCAB982E /* code */ = {
			isa = PBXGroup;
			children = (
				C5587397205E0DC4200DB6E9 /* Factory */,
				C55872DA25F80CFED03E533A /* Model */,
				C5587F3B3B472CE6EC5AD957 /* Utility */,
				C5587D39AE791F412AC347A3 /* BBMain.m */,
				C5587EDC6E4E5BBE3C4A3617 /* BBMain.h */,
				C5587B2E8A4883F9A51C5C80 /* IO */,
			);
			path = code;
			sourceTree = "<group>";
		};
		C5587F3B3B472CE6EC5AD957 /* Utility */ = {
			isa = PBXGroup;
			children = (
				C55873D8F15132C35C36294A /* DateUtil.h */,
				C5587E47839E48055C093537 /* DateUtil.m */,
				C55877D0C8C370B3718CFC20 /* NSMutableArray+Stack.h */,
				C5587B62578C114B0C73F2D6 /* NSMutableArray+Stack.m */,
			);
			path = Utility;
			sourceTree = "<group>";
		};
		C982A1BD01AD33FF027B19A0 /* Pods */ = {
			isa = PBXGroup;
			children = (
				3188EAC9E1CC4200E025D026 /* Pods-BBKitchenTests.debug.xcconfig */,
				20991697489B680FA503BF13 /* Pods-BBKitchenTests.release.xcconfig */,
			);
			name = Pods;
			sourceTree = "<group>";
		};
		E97C97C91D3579A9008DC7B1 = {
			isa = PBXGroup;
			children = (
				E97C97D41D3579A9008DC7B1 /* BBKitchen */,
				E97C97EE1D3579A9008DC7B1 /* BBKitchenTests */,
				E97C97D31D3579A9008DC7B1 /* Products */,
				C982A1BD01AD33FF027B19A0 /* Pods */,
				65716CFB40880F977B1C94D5 /* Frameworks */,
			);
			sourceTree = "<group>";
		};
		E97C97D31D3579A9008DC7B1 /* Products */ = {
			isa = PBXGroup;
			children = (
				E97C97D21D3579A9008DC7B1 /* BBKitchen.app */,
				E97C97EB1D3579A9008DC7B1 /* BBKitchenTests.xctest */,
			);
			name = Products;
			sourceTree = "<group>";
		};
		E97C97D41D3579A9008DC7B1 /* BBKitchen */ = {
			isa = PBXGroup;
			children = (
				E97C97D81D3579A9008DC7B1 /* AppDelegate.h */,
				E97C97D91D3579A9008DC7B1 /* AppDelegate.m */,
				E97C97DB1D3579A9008DC7B1 /* ViewController.h */,
				E97C97DC1D3579A9008DC7B1 /* ViewController.m */,
				E97C97DE1D3579A9008DC7B1 /* Main.storyboard */,
				E97C97E11D3579A9008DC7B1 /* Assets.xcassets */,
				E97C97E31D3579A9008DC7B1 /* LaunchScreen.storyboard */,
				E97C97E61D3579A9008DC7B1 /* Info.plist */,
				E97C97D51D3579A9008DC7B1 /* Supporting Files */,
				C5587B94010B64D4BCAB982E /* code */,
				C55877FD5AD57EE0B5269BB7 /* resources */,
			);
			path = BBKitchen;
			sourceTree = "<group>";
		};
		E97C97D51D3579A9008DC7B1 /* Supporting Files */ = {
			isa = PBXGroup;
			children = (
				E97C97D61D3579A9008DC7B1 /* main.m */,
			);
			name = "Supporting Files";
			sourceTree = "<group>";
		};
		E97C97EE1D3579A9008DC7B1 /* BBKitchenTests */ = {
			isa = PBXGroup;
			children = (
				E97C97F11D3579A9008DC7B1 /* Info.plist */,
				C55876D49093B2F22A8BC219 /* code */,
			);
			path = BBKitchenTests;
			sourceTree = "<group>";
		};
/* End PBXGroup section */

/* Begin PBXNativeTarget section */
		E97C97D11D3579A9008DC7B1 /* BBKitchen */ = {
			isa = PBXNativeTarget;
			buildConfigurationList = E97C97F41D3579A9008DC7B1 /* Build configuration list for PBXNativeTarget "BBKitchen" */;
			buildPhases = (
				E97C97CE1D3579A9008DC7B1 /* Sources */,
				E97C97CF1D3579A9008DC7B1 /* Frameworks */,
				E97C97D01D3579A9008DC7B1 /* Resources */,
			);
			buildRules = (
			);
			dependencies = (
			);
			name = BBKitchen;
			productName = BBKitchen;
			productReference = E97C97D21D3579A9008DC7B1 /* BBKitchen.app */;
			productType = "com.apple.product-type.application";
		};
		E97C97EA1D3579A9008DC7B1 /* BBKitchenTests */ = {
			isa = PBXNativeTarget;
			buildConfigurationList = E97C97F71D3579A9008DC7B1 /* Build configuration list for PBXNativeTarget "BBKitchenTests" */;
			buildPhases = (
				522906B1A624A4F106746C10 /* Check Pods Manifest.lock */,
				E97C97E71D3579A9008DC7B1 /* Sources */,
				E97C97E81D3579A9008DC7B1 /* Frameworks */,
				E97C97E91D3579A9008DC7B1 /* Resources */,
				87138CBC1DE5FAB370AD46FA /* Embed Pods Frameworks */,
				5F8A51395D85254C9614250F /* Copy Pods Resources */,
			);
			buildRules = (
			);
			dependencies = (
				E97C97ED1D3579A9008DC7B1 /* PBXTargetDependency */,
			);
			name = BBKitchenTests;
			productName = BBKitchenTests;
			productReference = E97C97EB1D3579A9008DC7B1 /* BBKitchenTests.xctest */;
			productType = "com.apple.product-type.bundle.unit-test";
		};
/* End PBXNativeTarget section */

/* Begin PBXProject section */
		E97C97CA1D3579A9008DC7B1 /* Project object */ = {
			isa = PBXProject;
			attributes = {
				LastUpgradeCheck = 0730;
				ORGANIZATIONNAME = thoughtworks;
				TargetAttributes = {
					E97C97D11D3579A9008DC7B1 = {
						CreatedOnToolsVersion = 7.3;
					};
					E97C97EA1D3579A9008DC7B1 = {
						CreatedOnToolsVersion = 7.3;
						TestTargetID = E97C97D11D3579A9008DC7B1;
					};
				};
			};
			buildConfigurationList = E97C97CD1D3579A9008DC7B1 /* Build configuration list for PBXProject "BBKitchen" */;
			compatibilityVersion = "Xcode 3.2";
			developmentRegion = English;
			hasScannedForEncodings = 0;
			knownRegions = (
				en,
				Base,
			);
			mainGroup = E97C97C91D3579A9008DC7B1;
			productRefGroup = E97C97D31D3579A9008DC7B1 /* Products */;
			projectDirPath = "";
			projectReferences = (
			);
			projectRoot = "";
			targets = (
				E97C97D11D3579A9008DC7B1 /* BBKitchen */,
				E97C97EA1D3579A9008DC7B1 /* BBKitchenTests */,
			);
		};
/* End PBXProject section */

/* Begin PBXResourcesBuildPhase section */
		E97C97D01D3579A9008DC7B1 /* Resources */ = {
			isa = PBXResourcesBuildPhase;
			buildActionMask = 2147483647;
			files = (
				E97C97E51D3579A9008DC7B1 /* LaunchScreen.storyboard in Resources */,
				E97C97E21D3579A9008DC7B1 /* Assets.xcassets in Resources */,
				E97C97E01D3579A9008DC7B1 /* Main.storyboard in Resources */,
				C5587A77AC6267E5145F7963 /* sample_input.txt in Resources */,
			);
			runOnlyForDeploymentPostprocessing = 0;
		};
		E97C97E91D3579A9008DC7B1 /* Resources */ = {
			isa = PBXResourcesBuildPhase;
			buildActionMask = 2147483647;
			files = (
			);
			runOnlyForDeploymentPostprocessing = 0;
		};
/* End PBXResourcesBuildPhase section */

/* Begin PBXShellScriptBuildPhase section */
		522906B1A624A4F106746C10 /* Check Pods Manifest.lock */ = {
			isa = PBXShellScriptBuildPhase;
			buildActionMask = 2147483647;
			files = (
			);
			inputPaths = (
			);
			name = "Check Pods Manifest.lock";
			outputPaths = (
			);
			runOnlyForDeploymentPostprocessing = 0;
			shellPath = /bin/sh;
			shellScript = "diff \"${PODS_ROOT}/../Podfile.lock\" \"${PODS_ROOT}/Manifest.lock\" > /dev/null\nif [[ $? != 0 ]] ; then\n    cat << EOM\nerror: The sandbox is not in sync with the Podfile.lock. Run 'pod install' or update your CocoaPods installation.\nEOM\n    exit 1\nfi\n";
			showEnvVarsInLog = 0;
		};
		5F8A51395D85254C9614250F /* Copy Pods Resources */ = {
			isa = PBXShellScriptBuildPhase;
			buildActionMask = 2147483647;
			files = (
			);
			inputPaths = (
			);
			name = "Copy Pods Resources";
			outputPaths = (
			);
			runOnlyForDeploymentPostprocessing = 0;
			shellPath = /bin/sh;
			shellScript = "\"${SRCROOT}/Pods/Target Support Files/Pods-BBKitchenTests/Pods-BBKitchenTests-resources.sh\"\n";
			showEnvVarsInLog = 0;
		};
		87138CBC1DE5FAB370AD46FA /* Embed Pods Frameworks */ = {
			isa = PBXShellScriptBuildPhase;
			buildActionMask = 2147483647;
			files = (
			);
			inputPaths = (
			);
			name = "Embed Pods Frameworks";
			outputPaths = (
			);
			runOnlyForDeploymentPostprocessing = 0;
			shellPath = /bin/sh;
			shellScript = "\"${SRCROOT}/Pods/Target Support Files/Pods-BBKitchenTests/Pods-BBKitchenTests-frameworks.sh\"\n";
			showEnvVarsInLog = 0;
		};
/* End PBXShellScriptBuildPhase section */

/* Begin PBXSourcesBuildPhase section */
		E97C97CE1D3579A9008DC7B1 /* Sources */ = {
			isa = PBXSourcesBuildPhase;
			buildActionMask = 2147483647;
			files = (
				E97C97DD1D3579A9008DC7B1 /* ViewController.m in Sources */,
				E97C97DA1D3579A9008DC7B1 /* AppDelegate.m in Sources */,
				E97C97D71D3579A9008DC7B1 /* main.m in Sources */,
				C558747A123E2D36CCB6D7A2 /* FryerFactory.m in Sources */,
				C558778740CE057F4D9A277D /* FoodFactory.m in Sources */,
				C55879087DD2D76E0826C749 /* Fryer.m in Sources */,
				C5587A9E0F0EAD7F9A35A31E /* Order.m in Sources */,
				C558781D93A6C276938430B4 /* Kitchen.m in Sources */,
				C5587382F825DC5C51C06D5B /* FoodItem.m in Sources */,
				C5587999025793945E020BB6 /* Schedule.m in Sources */,
				C5587064F7820EBAE6BFF843 /* OrderItem.m in Sources */,
				C5587D22A485FF72F555D66C /* Scheduler.m in Sources */,
				C5587C121F27782485115A79 /* ScheduleItem.m in Sources */,
				C558786099DAC27C8E961921 /* ScheduleRules.m in Sources */,
				C5587EAAB930705C6798BE0C /* DateUtil.m in Sources */,
				C55871A7E1B246A0B52BA764 /* NSMutableArray+Stack.m in Sources */,
				C5587FB8E64817E1381EBDA1 /* BBMain.m in Sources */,
				C5587A24FC7FE4D7659BD59E /* Parser.m in Sources */,
				C5587892AFEFC068CFF3DEE1 /* Printer.m in Sources */,
				C55873D296CC370F71D245B0 /* KitchenTest.m in Sources */,
				C5587127EE496E6BD821364B /* PrinterTest.m in Sources */,
				C5587C3CB03D82D7C07D1718 /* FoodFactoryTest.m in Sources */,
				C5587BF566E62C50775ACDFD /* ParserTest.m in Sources */,
				C558786DB13707438804460B /* ScheduleTest.m in Sources */,
			);
			runOnlyForDeploymentPostprocessing = 0;
		};
		E97C97E71D3579A9008DC7B1 /* Sources */ = {
			isa = PBXSourcesBuildPhase;
			buildActionMask = 2147483647;
			files = (
				C55879D39BFE80B6BC1C1901 /* BBKitchenTests.m in Sources */,
			);
			runOnlyForDeploymentPostprocessing = 0;
		};
/* End PBXSourcesBuildPhase section */

/* Begin PBXTargetDependency section */
		E97C97ED1D3579A9008DC7B1 /* PBXTargetDependency */ = {
			isa = PBXTargetDependency;
			target = E97C97D11D3579A9008DC7B1 /* BBKitchen */;
			targetProxy = E97C97EC1D3579A9008DC7B1 /* PBXContainerItemProxy */;
		};
/* End PBXTargetDependency section */

/* Begin PBXVariantGroup section */
		E97C97DE1D3579A9008DC7B1 /* Main.storyboard */ = {
			isa = PBXVariantGroup;
			children = (
				E97C97DF1D3579A9008DC7B1 /* Base */,
			);
			name = Main.storyboard;
			sourceTree = "<group>";
		};
		E97C97E31D3579A9008DC7B1 /* LaunchScreen.storyboard */ = {
			isa = PBXVariantGroup;
			children = (
				E97C97E41D3579A9008DC7B1 /* Base */,
			);
			name = LaunchScreen.storyboard;
			sourceTree = "<group>";
		};
/* End PBXVariantGroup section */

/* Begin XCBuildConfiguration section */
		E97C97F21D3579A9008DC7B1 /* Debug */ = {
			isa = XCBuildConfiguration;
			buildSettings = {
				ALWAYS_SEARCH_USER_PATHS = NO;
				CLANG_ANALYZER_NONNULL = YES;
				CLANG_CXX_LANGUAGE_STANDARD = "gnu++0x";
				CLANG_CXX_LIBRARY = "libc++";
				CLANG_ENABLE_MODULES = YES;
				CLANG_ENABLE_OBJC_ARC = YES;
				CLANG_WARN_BOOL_CONVERSION = YES;
				CLANG_WARN_CONSTANT_CONVERSION = YES;
				CLANG_WARN_DIRECT_OBJC_ISA_USAGE = YES_ERROR;
				CLANG_WARN_EMPTY_BODY = YES;
				CLANG_WARN_ENUM_CONVERSION = YES;
				CLANG_WARN_INT_CONVERSION = YES;
				CLANG_WARN_OBJC_ROOT_CLASS = YES_ERROR;
				CLANG_WARN_UNREACHABLE_CODE = YES;
				CLANG_WARN__DUPLICATE_METHOD_MATCH = YES;
				"CODE_SIGN_IDENTITY[sdk=iphoneos*]" = "iPhone Developer";
				COPY_PHASE_STRIP = NO;
				DEBUG_INFORMATION_FORMAT = dwarf;
				ENABLE_STRICT_OBJC_MSGSEND = YES;
				ENABLE_TESTABILITY = YES;
				GCC_C_LANGUAGE_STANDARD = gnu99;
				GCC_DYNAMIC_NO_PIC = NO;
				GCC_NO_COMMON_BLOCKS = YES;
				GCC_OPTIMIZATION_LEVEL = 0;
				GCC_PREPROCESSOR_DEFINITIONS = (
					"DEBUG=1",
					"$(inherited)",
				);
				GCC_WARN_64_TO_32_BIT_CONVERSION = YES;
				GCC_WARN_ABOUT_RETURN_TYPE = YES_ERROR;
				GCC_WARN_UNDECLARED_SELECTOR = YES;
				GCC_WARN_UNINITIALIZED_AUTOS = YES_AGGRESSIVE;
				GCC_WARN_UNUSED_FUNCTION = YES;
				GCC_WARN_UNUSED_VARIABLE = YES;
				IPHONEOS_DEPLOYMENT_TARGET = 9.3;
				MTL_ENABLE_DEBUG_INFO = YES;
				ONLY_ACTIVE_ARCH = YES;
				SDKROOT = iphoneos;
			};
			name = Debug;
		};
		E97C97F31D3579A9008DC7B1 /* Release */ = {
			isa = XCBuildConfiguration;
			buildSettings = {
				ALWAYS_SEARCH_USER_PATHS = NO;
				CLANG_ANALYZER_NONNULL = YES;
				CLANG_CXX_LANGUAGE_STANDARD = "gnu++0x";
				CLANG_CXX_LIBRARY = "libc++";
				CLANG_ENABLE_MODULES = YES;
				CLANG_ENABLE_OBJC_ARC = YES;
				CLANG_WARN_BOOL_CONVERSION = YES;
				CLANG_WARN_CONSTANT_CONVERSION = YES;
				CLANG_WARN_DIRECT_OBJC_ISA_USAGE = YES_ERROR;
				CLANG_WARN_EMPTY_BODY = YES;
				CLANG_WARN_ENUM_CONVERSION = YES;
				CLANG_WARN_INT_CONVERSION = YES;
				CLANG_WARN_OBJC_ROOT_CLASS = YES_ERROR;
				CLANG_WARN_UNREACHABLE_CODE = YES;
				CLANG_WARN__DUPLICATE_METHOD_MATCH = YES;
				"CODE_SIGN_IDENTITY[sdk=iphoneos*]" = "iPhone Developer";
				COPY_PHASE_STRIP = NO;
				DEBUG_INFORMATION_FORMAT = "dwarf-with-dsym";
				ENABLE_NS_ASSERTIONS = NO;
				ENABLE_STRICT_OBJC_MSGSEND = YES;
				GCC_C_LANGUAGE_STANDARD = gnu99;
				GCC_NO_COMMON_BLOCKS = YES;
				GCC_WARN_64_TO_32_BIT_CONVERSION = YES;
				GCC_WARN_ABOUT_RETURN_TYPE = YES_ERROR;
				GCC_WARN_UNDECLARED_SELECTOR = YES;
				GCC_WARN_UNINITIALIZED_AUTOS = YES_AGGRESSIVE;
				GCC_WARN_UNUSED_FUNCTION = YES;
				GCC_WARN_UNUSED_VARIABLE = YES;
				IPHONEOS_DEPLOYMENT_TARGET = 9.3;
				MTL_ENABLE_DEBUG_INFO = NO;
				SDKROOT = iphoneos;
				VALIDATE_PRODUCT = YES;
			};
			name = Release;
		};
		E97C97F51D3579A9008DC7B1 /* Debug */ = {
			isa = XCBuildConfiguration;
			buildSettings = {
				ASSETCATALOG_COMPILER_APPICON_NAME = AppIcon;
				INFOPLIST_FILE = BBKitchen/Info.plist;
				LD_RUNPATH_SEARCH_PATHS = "$(inherited) @executable_path/Frameworks";
				PRODUCT_BUNDLE_IDENTIFIER = com.thoughtworks.BBKitchen;
				PRODUCT_NAME = "$(TARGET_NAME)";
			};
			name = Debug;
		};
		E97C97F61D3579A9008DC7B1 /* Release */ = {
			isa = XCBuildConfiguration;
			buildSettings = {
				ASSETCATALOG_COMPILER_APPICON_NAME = AppIcon;
				INFOPLIST_FILE = BBKitchen/Info.plist;
				LD_RUNPATH_SEARCH_PATHS = "$(inherited) @executable_path/Frameworks";
				PRODUCT_BUNDLE_IDENTIFIER = com.thoughtworks.BBKitchen;
				PRODUCT_NAME = "$(TARGET_NAME)";
			};
			name = Release;
		};
		E97C97F81D3579A9008DC7B1 /* Debug */ = {
			isa = XCBuildConfiguration;
			baseConfigurationReference = 3188EAC9E1CC4200E025D026 /* Pods-BBKitchenTests.debug.xcconfig */;
			buildSettings = {
				BUNDLE_LOADER = "$(TEST_HOST)";
				INFOPLIST_FILE = BBKitchenTests/Info.plist;
				LD_RUNPATH_SEARCH_PATHS = "$(inherited) @executable_path/Frameworks @loader_path/Frameworks";
				PRODUCT_BUNDLE_IDENTIFIER = com.thoughtworks.BBKitchenTests;
				PRODUCT_NAME = "$(TARGET_NAME)";
				TEST_HOST = "$(BUILT_PRODUCTS_DIR)/BBKitchen.app/BBKitchen";
			};
			name = Debug;
		};
		E97C97F91D3579A9008DC7B1 /* Release */ = {
			isa = XCBuildConfiguration;
			baseConfigurationReference = 20991697489B680FA503BF13 /* Pods-BBKitchenTests.release.xcconfig */;
			buildSettings = {
				BUNDLE_LOADER = "$(TEST_HOST)";
				INFOPLIST_FILE = BBKitchenTests/Info.plist;
				LD_RUNPATH_SEARCH_PATHS = "$(inherited) @executable_path/Frameworks @loader_path/Frameworks";
				PRODUCT_BUNDLE_IDENTIFIER = com.thoughtworks.BBKitchenTests;
				PRODUCT_NAME = "$(TARGET_NAME)";
				TEST_HOST = "$(BUILT_PRODUCTS_DIR)/BBKitchen.app/BBKitchen";
			};
			name = Release;
		};
/* End XCBuildConfiguration section */

/* Begin XCConfigurationList section */
		E97C97CD1D3579A9008DC7B1 /* Build configuration list for PBXProject "BBKitchen" */ = {
			isa = XCConfigurationList;
			buildConfigurations = (
				E97C97F21D3579A9008DC7B1 /* Debug */,
				E97C97F31D3579A9008DC7B1 /* Release */,
			);
			defaultConfigurationIsVisible = 0;
			defaultConfigurationName = Release;
		};
		E97C97F41D3579A9008DC7B1 /* Build configuration list for PBXNativeTarget "BBKitchen" */ = {
			isa = XCConfigurationList;
			buildConfigurations = (
				E97C97F51D3579A9008DC7B1 /* Debug */,
				E97C97F61D3579A9008DC7B1 /* Release */,
			);
			defaultConfigurationIsVisible = 0;
		};
		E97C97F71D3579A9008DC7B1 /* Build configuration list for PBXNativeTarget "BBKitchenTests" */ = {
			isa = XCConfigurationList;
			buildConfigurations = (
				E97C97F81D3579A9008DC7B1 /* Debug */,
				E97C97F91D3579A9008DC7B1 /* Release */,
			);
			defaultConfigurationIsVisible = 0;
		};
/* End XCConfigurationList section */
	};
	rootObject = E97C97CA1D3579A9008DC7B1 /* Project object */;
}
